
Microsoft Visual Studio Solution File, Format Version 12.00
# Visual Studio 15
VisualStudioVersion = 15.0.28010.2036
MinimumVisualStudioVersion = 10.0.40219.1
Project("{FAE04EC0-301F-11D3-BF4B-00C04F79EFBC}") = "SpreadMoney", "SpreadMoney\SpreadMoney.csproj", "{AED6CC14-D7D3-4F60-87A0-A0DBA020CC56}"
EndProject
Global
	GlobalSection(SolutionConfigurationPlatforms) = preSolution
		Debug|Any CPU = Debug|Any CPU
		Release|Any CPU = Release|Any CPU
	EndGlobalSection
	GlobalSection(ProjectConfigurationPlatforms) = postSolution
		{AED6CC14-D7D3-4F60-87A0-A0DBA020CC56}.Debug|Any CPU.ActiveCfg = Debug|Any CPU
		{AED6CC14-D7D3-4F60-87A0-A0DBA020CC56}.Debug|Any CPU.Build.0 = Debug|Any CPU
		{AED6CC14-D7D3-4F60-87A0-A0DBA020CC56}.Release|Any CPU.ActiveCfg = Release|Any CPU
		{AED6CC14-D7D3-4F60-87A0-A0DBA020CC56}.Release|Any CPU.Build.0 = Release|Any CPU
	EndGlobalSection
	GlobalSection(SolutionProperties) = preSolution
		HideSolutionNode = FALSE
	EndGlobalSection
	GlobalSection(ExtensibilityGlobals) = postSolution
		SolutionGuid = {33E7AEC0-D3C5-4EBA-A1A2-D319A4933160}
	EndGlobalSection
EndGlobal
